{
  "version": 4,
  "terraform_version": "1.7.4",
  "serial": 26,
  "lineage": "198d5451-f417-0622-323b-cab1f4d72d2b",
  "outputs": {},
  "resources": [
    {
      "mode": "managed",
      "type": "proxmox_lxc",
      "name": "lxc-test",
      "provider": "provider[\"registry.terraform.io/telmate/proxmox\"]",
      "instances": [
        {
          "index_key": 0,
          "schema_version": 0,
          "attributes": {
            "arch": "amd64",
            "bwlimit": 0,
            "cmode": "tty",
            "console": true,
            "cores": 2,
            "cpulimit": 0,
            "cpuunits": 1024,
            "description": "",
            "features": [],
            "force": false,
            "hastate": null,
            "hookscript": "",
            "hostname": "Ubuntu-N0",
            "id": "pve/lxc/102",
            "ignore_unpack_errors": false,
            "lock": "",
            "memory": 2048,
            "mountpoint": [],
            "nameserver": "",
            "network": [
              {
                "bridge": "vmbr0",
                "firewall": false,
                "gw": "",
                "gw6": "",
                "hwaddr": "BC:24:11:A7:38:5B",
                "ip": "dhcp",
                "ip6": "",
                "mtu": "",
                "name": "eth0",
                "rate": 0,
                "tag": 0,
                "trunks": "",
                "type": "veth"
              }
            ],
            "onboot": false,
            "ostemplate": "local:vztmpl/ubuntu-23.10-standard_23.10-1_amd64.tar.zst",
            "ostype": "ubuntu",
            "password": "4theshow",
            "pool": "",
            "protection": false,
            "restore": false,
            "rootfs": [
              {
                "size": "4G",
                "storage": "nvme",
                "volume": "nvme:vm-102-disk-0"
              }
            ],
            "searchdomain": "",
            "ssh_public_keys": "ssh-rsa AAAAB3NzaC1yc2EAAAADAQABAAABgQDbMRAqDeBjBu7ynbddXJK4l+kQDYpYw6EU3QPy8q0RBZrYRoI8SR3Fz541zlbjPPTMhdw6W/WT5L+3B5t9Nrg8FcnEkVomU+FoTLl+Fvb9iW9F87R2GbvpcPLXZ3hMWaAGKrJRXF5JCZWyRfFCVTPBYF6YV+TQ6NSoL/CoZOYjW882LfKM2R9Um6MixzYdN17dQncWrUhBVPeHTt+1ye5gaXIdZeYjSwYkM3vOkXy0y15ANq9JW/zeB8dDAe/Y2fKmqchyDykqhg+mtbY4qU+lyfkEvMptO7gUj93VK9VF+Eb7Z7uNK1fRvdBmrRGXe/qBEIUEBa+Vz+qUoFbAtpuF3zZ3gRgTGSiXFdg748bsGe3ZdN/bfxHq4YzuCqtb7PtEpwOGy6Cb1ovlFRoYvFKKv8iUFsh5jf7wAbc859VVbM1JEA8pY9YhWIeQsqezGKyT83l/twwlAn9YHN4Z3smZSiyAnv+NFYNWQsxwrJKyydqBdVVs5ERpaQNmPUIz3bc= norm@Normans-MacBook-Pro-2.local",
            "start": true,
            "startup": "",
            "swap": 512,
            "tags": "",
            "target_node": "pve",
            "template": false,
            "tty": 2,
            "unique": false,
            "unprivileged": true,
            "unused": null,
            "vmid": 0
          },
          "sensitive_attributes": [],
          "private": "bnVsbA=="
        },
        {
          "index_key": 1,
          "schema_version": 0,
          "attributes": {
            "arch": "amd64",
            "bwlimit": 0,
            "cmode": "tty",
            "console": true,
            "cores": 2,
            "cpulimit": 0,
            "cpuunits": 1024,
            "description": "",
            "features": [],
            "force": false,
            "hastate": null,
            "hookscript": "",
            "hostname": "Ubuntu-N1",
            "id": "pve/lxc/105",
            "ignore_unpack_errors": false,
            "lock": "",
            "memory": 2048,
            "mountpoint": [],
            "nameserver": "",
            "network": [
              {
                "bridge": "vmbr0",
                "firewall": false,
                "gw": "",
                "gw6": "",
                "hwaddr": "BC:24:11:5D:63:21",
                "ip": "dhcp",
                "ip6": "",
                "mtu": "",
                "name": "eth0",
                "rate": 0,
                "tag": 0,
                "trunks": "",
                "type": "veth"
              }
            ],
            "onboot": false,
            "ostemplate": "local:vztmpl/ubuntu-23.10-standard_23.10-1_amd64.tar.zst",
            "ostype": "ubuntu",
            "password": "4theshow",
            "pool": "",
            "protection": false,
            "restore": false,
            "rootfs": [
              {
                "size": "4G",
                "storage": "nvme",
                "volume": "nvme:vm-105-disk-0"
              }
            ],
            "searchdomain": "",
            "ssh_public_keys": "ssh-rsa AAAAB3NzaC1yc2EAAAADAQABAAABgQDbMRAqDeBjBu7ynbddXJK4l+kQDYpYw6EU3QPy8q0RBZrYRoI8SR3Fz541zlbjPPTMhdw6W/WT5L+3B5t9Nrg8FcnEkVomU+FoTLl+Fvb9iW9F87R2GbvpcPLXZ3hMWaAGKrJRXF5JCZWyRfFCVTPBYF6YV+TQ6NSoL/CoZOYjW882LfKM2R9Um6MixzYdN17dQncWrUhBVPeHTt+1ye5gaXIdZeYjSwYkM3vOkXy0y15ANq9JW/zeB8dDAe/Y2fKmqchyDykqhg+mtbY4qU+lyfkEvMptO7gUj93VK9VF+Eb7Z7uNK1fRvdBmrRGXe/qBEIUEBa+Vz+qUoFbAtpuF3zZ3gRgTGSiXFdg748bsGe3ZdN/bfxHq4YzuCqtb7PtEpwOGy6Cb1ovlFRoYvFKKv8iUFsh5jf7wAbc859VVbM1JEA8pY9YhWIeQsqezGKyT83l/twwlAn9YHN4Z3smZSiyAnv+NFYNWQsxwrJKyydqBdVVs5ERpaQNmPUIz3bc= norm@Normans-MacBook-Pro-2.local",
            "start": true,
            "startup": "",
            "swap": 512,
            "tags": "",
            "target_node": "pve",
            "template": false,
            "tty": 2,
            "unique": false,
            "unprivileged": true,
            "unused": null,
            "vmid": 0
          },
          "sensitive_attributes": [],
          "private": "bnVsbA=="
        },
        {
          "index_key": 2,
          "schema_version": 0,
          "attributes": {
            "arch": "amd64",
            "bwlimit": 0,
            "cmode": "tty",
            "console": true,
            "cores": 2,
            "cpulimit": 0,
            "cpuunits": 1024,
            "description": "",
            "features": [],
            "force": false,
            "hastate": null,
            "hookscript": "",
            "hostname": "Ubuntu-N2",
            "id": "pve/lxc/103",
            "ignore_unpack_errors": false,
            "lock": "",
            "memory": 2048,
            "mountpoint": [],
            "nameserver": "",
            "network": [
              {
                "bridge": "vmbr0",
                "firewall": false,
                "gw": "",
                "gw6": "",
                "hwaddr": "BC:24:11:55:54:D1",
                "ip": "dhcp",
                "ip6": "",
                "mtu": "",
                "name": "eth0",
                "rate": 0,
                "tag": 0,
                "trunks": "",
                "type": "veth"
              }
            ],
            "onboot": false,
            "ostemplate": "local:vztmpl/ubuntu-23.10-standard_23.10-1_amd64.tar.zst",
            "ostype": "ubuntu",
            "password": "4theshow",
            "pool": "",
            "protection": false,
            "restore": false,
            "rootfs": [
              {
                "size": "4G",
                "storage": "nvme",
                "volume": "nvme:vm-103-disk-0"
              }
            ],
            "searchdomain": "",
            "ssh_public_keys": "ssh-rsa AAAAB3NzaC1yc2EAAAADAQABAAABgQDbMRAqDeBjBu7ynbddXJK4l+kQDYpYw6EU3QPy8q0RBZrYRoI8SR3Fz541zlbjPPTMhdw6W/WT5L+3B5t9Nrg8FcnEkVomU+FoTLl+Fvb9iW9F87R2GbvpcPLXZ3hMWaAGKrJRXF5JCZWyRfFCVTPBYF6YV+TQ6NSoL/CoZOYjW882LfKM2R9Um6MixzYdN17dQncWrUhBVPeHTt+1ye5gaXIdZeYjSwYkM3vOkXy0y15ANq9JW/zeB8dDAe/Y2fKmqchyDykqhg+mtbY4qU+lyfkEvMptO7gUj93VK9VF+Eb7Z7uNK1fRvdBmrRGXe/qBEIUEBa+Vz+qUoFbAtpuF3zZ3gRgTGSiXFdg748bsGe3ZdN/bfxHq4YzuCqtb7PtEpwOGy6Cb1ovlFRoYvFKKv8iUFsh5jf7wAbc859VVbM1JEA8pY9YhWIeQsqezGKyT83l/twwlAn9YHN4Z3smZSiyAnv+NFYNWQsxwrJKyydqBdVVs5ERpaQNmPUIz3bc= norm@Normans-MacBook-Pro-2.local",
            "start": true,
            "startup": "",
            "swap": 512,
            "tags": "",
            "target_node": "pve",
            "template": false,
            "tty": 2,
            "unique": false,
            "unprivileged": true,
            "unused": null,
            "vmid": 0
          },
          "sensitive_attributes": [],
          "private": "bnVsbA=="
        },
        {
          "index_key": 3,
          "schema_version": 0,
          "attributes": {
            "arch": "amd64",
            "bwlimit": 0,
            "cmode": "tty",
            "console": true,
            "cores": 2,
            "cpulimit": 0,
            "cpuunits": 1024,
            "description": "",
            "features": [],
            "force": false,
            "hastate": null,
            "hookscript": "",
            "hostname": "Ubuntu-N3",
            "id": "pve/lxc/104",
            "ignore_unpack_errors": false,
            "lock": "",
            "memory": 2048,
            "mountpoint": [],
            "nameserver": "",
            "network": [
              {
                "bridge": "vmbr0",
                "firewall": false,
                "gw": "",
                "gw6": "",
                "hwaddr": "BC:24:11:81:E9:68",
                "ip": "dhcp",
                "ip6": "",
                "mtu": "",
                "name": "eth0",
                "rate": 0,
                "tag": 0,
                "trunks": "",
                "type": "veth"
              }
            ],
            "onboot": false,
            "ostemplate": "local:vztmpl/ubuntu-23.10-standard_23.10-1_amd64.tar.zst",
            "ostype": "ubuntu",
            "password": "4theshow",
            "pool": "",
            "protection": false,
            "restore": false,
            "rootfs": [
              {
                "size": "4G",
                "storage": "nvme",
                "volume": "nvme:vm-104-disk-0"
              }
            ],
            "searchdomain": "",
            "ssh_public_keys": "ssh-rsa AAAAB3NzaC1yc2EAAAADAQABAAABgQDbMRAqDeBjBu7ynbddXJK4l+kQDYpYw6EU3QPy8q0RBZrYRoI8SR3Fz541zlbjPPTMhdw6W/WT5L+3B5t9Nrg8FcnEkVomU+FoTLl+Fvb9iW9F87R2GbvpcPLXZ3hMWaAGKrJRXF5JCZWyRfFCVTPBYF6YV+TQ6NSoL/CoZOYjW882LfKM2R9Um6MixzYdN17dQncWrUhBVPeHTt+1ye5gaXIdZeYjSwYkM3vOkXy0y15ANq9JW/zeB8dDAe/Y2fKmqchyDykqhg+mtbY4qU+lyfkEvMptO7gUj93VK9VF+Eb7Z7uNK1fRvdBmrRGXe/qBEIUEBa+Vz+qUoFbAtpuF3zZ3gRgTGSiXFdg748bsGe3ZdN/bfxHq4YzuCqtb7PtEpwOGy6Cb1ovlFRoYvFKKv8iUFsh5jf7wAbc859VVbM1JEA8pY9YhWIeQsqezGKyT83l/twwlAn9YHN4Z3smZSiyAnv+NFYNWQsxwrJKyydqBdVVs5ERpaQNmPUIz3bc= norm@Normans-MacBook-Pro-2.local",
            "start": true,
            "startup": "",
            "swap": 512,
            "tags": "",
            "target_node": "pve",
            "template": false,
            "tty": 2,
            "unique": false,
            "unprivileged": true,
            "unused": null,
            "vmid": 0
          },
          "sensitive_attributes": [],
          "private": "bnVsbA=="
        }
      ]
    }
  ],
  "check_results": null
}
